
Microsoft Visual Studio Solution File, Format Version 12.00
# Visual Studio 15
VisualStudioVersion = 15.0.27703.2047
MinimumVisualStudioVersion = 10.0.40219.1
Project("{FAE04EC0-301F-11D3-BF4B-00C04F79EFBC}") = "FP", "FP\FP.csproj", "{A01E5799-1B44-4D2A-AD45-C7F7DF79D36B}"
EndProject
Global
	GlobalSection(SolutionConfigurationPlatforms) = preSolution
		Debug|Any CPU = Debug|Any CPU
		Release|Any CPU = Release|Any CPU
	EndGlobalSection
	GlobalSection(ProjectConfigurationPlatforms) = postSolution
		{A01E5799-1B44-4D2A-AD45-C7F7DF79D36B}.Debug|Any CPU.ActiveCfg = Debug|Any CPU
		{A01E5799-1B44-4D2A-AD45-C7F7DF79D36B}.Debug|Any CPU.Build.0 = Debug|Any CPU
		{A01E5799-1B44-4D2A-AD45-C7F7DF79D36B}.Release|Any CPU.ActiveCfg = Release|Any CPU
		{A01E5799-1B44-4D2A-AD45-C7F7DF79D36B}.Release|Any CPU.Build.0 = Release|Any CPU
	EndGlobalSection
	GlobalSection(SolutionProperties) = preSolution
		HideSolutionNode = FALSE
	EndGlobalSection
	GlobalSection(ExtensibilityGlobals) = postSolution
		LessCompiler = a01e5799-1b44-4d2a-ad45-c7f7df79d36b
		SolutionGuid = {C52D2874-503E-4976-A573-A6FCD3AD11D3}
	EndGlobalSection
EndGlobal
